{
  "name": "swe-platform-env-base-amp",
  "lockfileVersion": 3,
  "requires": true,
  "packages": {
    "": {
      "name": "swe-platform-env-base-amp",
      "dependencies": {
        "@ampcode/cli": "0.0.1784492094-g5d18e2"
      }
    },
    "node_modules/@ampcode/cli": {
      "version": "0.0.1784492094-g5d18e2",
      "resolved": "https://registry.npmjs.org/@ampcode/cli/-/cli-0.0.1784492094-g5d18e2.tgz",
      "integrity": "sha512-uLTXtnFeA5ZNHe55NFuvFUS9q3o46hM8njiIF7CInzlrT+xhWnR6RcoFTjCqF6ZtXbJl2anQeK2LDpJpN1UvbQ==",
      "hasInstallScript": true,
      "license": "SEE LICENSE IN LICENSE.md",
      "bin": {
        "amp": "bin/amp.exe"
      },
      "optionalDependencies": {
        "@ampcode/cli-darwin-arm64": "0.0.1784492094-g5d18e2",
        "@ampcode/cli-darwin-x64": "0.0.1784492094-g5d18e2",
        "@ampcode/cli-linux-arm64": "0.0.1784492094-g5d18e2",
        "@ampcode/cli-linux-x64": "0.0.1784492094-g5d18e2",
        "@ampcode/cli-win32-x64": "0.0.1784492094-g5d18e2"
      }
    },
    "node_modules/@ampcode/cli-darwin-arm64": {
      "version": "0.0.1784492094-g5d18e2",
      "resolved": "https://registry.npmjs.org/@ampcode/cli-darwin-arm64/-/cli-darwin-arm64-0.0.1784492094-g5d18e2.tgz",
      "integrity": "sha512-iA4BPzQF6qtLJsy6UCFTWt/Xddv+PfAw35WeK1Xejxa2zibk0qorIwqQo0+qium0HdiLIfnmeq8CCeBIcL27kg==",
      "cpu": [
        "arm64"
      ],
      "license": "SEE LICENSE IN LICENSE.md",
      "optional": true,
      "os": [
        "darwin"
      ]
    },
    "node_modules/@ampcode/cli-darwin-x64": {
      "version": "0.0.1784492094-g5d18e2",
      "resolved": "https://registry.npmjs.org/@ampcode/cli-darwin-x64/-/cli-darwin-x64-0.0.1784492094-g5d18e2.tgz",
      "integrity": "sha512-kF1khtyoGTMMpKhElKbyFWjAgetbfp2aQ4MoJ3hRg4H1OkQDDqa3YjZKXZMgPIwMd72g78wXW4m2OBRzbOwDTg==",
      "cpu": [
        "x64"
      ],
      "license": "SEE LICENSE IN LICENSE.md",
      "optional": true,
      "os": [
        "darwin"
      ]
    },
    "node_modules/@ampcode/cli-linux-arm64": {
      "version": "0.0.1784492094-g5d18e2",
      "resolved": "https://registry.npmjs.org/@ampcode/cli-linux-arm64/-/cli-linux-arm64-0.0.1784492094-g5d18e2.tgz",
      "integrity": "sha512-URIOwVZ6XI1fe/iH0xTAVi7KQ16xUKFlyF++fv4x8aCNKQhhR4v01RuAs4ePp8Trqt3vckLkaAPmYQY0eMkUaw==",
      "cpu": [
        "arm64"
      ],
      "libc": [
        "glibc"
      ],
      "license": "SEE LICENSE IN LICENSE.md",
      "optional": true,
      "os": [
        "linux"
      ]
    },
    "node_modules/@ampcode/cli-linux-x64": {
      "version": "0.0.1784492094-g5d18e2",
      "resolved": "https://registry.npmjs.org/@ampcode/cli-linux-x64/-/cli-linux-x64-0.0.1784492094-g5d18e2.tgz",
      "integrity": "sha512-63OLnzbYy7iZhHcw1TaEaTOcdr18XouL2RtxLTH9T8BBGOvnFVMxBTHQzl3H4sQj2X5NVnxVEsLFvODBfJD4yg==",
      "cpu": [
        "x64"
      ],
      "libc": [
        "glibc"
      ],
      "license": "SEE LICENSE IN LICENSE.md",
      "optional": true,
      "os": [
        "linux"
      ]
    },
    "node_modules/@ampcode/cli-win32-x64": {
      "version": "0.0.1784492094-g5d18e2",
      "resolved": "https://registry.npmjs.org/@ampcode/cli-win32-x64/-/cli-win32-x64-0.0.1784492094-g5d18e2.tgz",
      "integrity": "sha512-WmywQ1kv+kpNUAds27+jInoBEwYuEhKeO4b495XLm0AOKle/LOXKz9Eo5a+TRQ3kxlnWsuXThgtR3Cj/iuFudQ==",
      "cpu": [
        "x64"
      ],
      "license": "SEE LICENSE IN LICENSE.md",
      "optional": true,
      "os": [
        "win32"
      ]
    }
  }
}
